
Microsoft Visual Studio Solution File, Format Version 12.00
# Visual Studio 15
VisualStudioVersion = 15.0.26228.9
MinimumVisualStudioVersion = 10.0.40219.1
Project("{FAE04EC0-301F-11D3-BF4B-00C04F79EFBC}") = "ConsoleApp", "ConsoleApp\ConsoleApp.csproj", "{B303195F-5D9A-4461-BAD0-DB9A34F1172C}"
EndProject
Project("{FAE04EC0-301F-11D3-BF4B-00C04F79EFBC}") = "Model", "Model\Model.csproj", "{6DD0959B-76E1-4CA7-93C5-EB7436B74E25}"
EndProject
Global
	GlobalSection(SolutionConfigurationPlatforms) = preSolution
		Debug|Any CPU = Debug|Any CPU
		Release|Any CPU = Release|Any CPU
	EndGlobalSection
	GlobalSection(ProjectConfigurationPlatforms) = postSolution
		{B303195F-5D9A-4461-BAD0-DB9A34F1172C}.Debug|Any CPU.ActiveCfg = Debug|Any CPU
		{B303195F-5D9A-4461-BAD0-DB9A34F1172C}.Debug|Any CPU.Build.0 = Debug|Any CPU
		{B303195F-5D9A-4461-BAD0-DB9A34F1172C}.Release|Any CPU.ActiveCfg = Release|Any CPU
		{B303195F-5D9A-4461-BAD0-DB9A34F1172C}.Release|Any CPU.Build.0 = Release|Any CPU
		{6DD0959B-76E1-4CA7-93C5-EB7436B74E25}.Debug|Any CPU.ActiveCfg = Debug|Any CPU
		{6DD0959B-76E1-4CA7-93C5-EB7436B74E25}.Debug|Any CPU.Build.0 = Debug|Any CPU
		{6DD0959B-76E1-4CA7-93C5-EB7436B74E25}.Release|Any CPU.ActiveCfg = Release|Any CPU
		{6DD0959B-76E1-4CA7-93C5-EB7436B74E25}.Release|Any CPU.Build.0 = Release|Any CPU
	EndGlobalSection
	GlobalSection(SolutionProperties) = preSolution
		HideSolutionNode = FALSE
	EndGlobalSection
EndGlobal
